// !$*UTF8*$!
{
	archiveVersion = 1;
	classes = {
	};
	objectVersion = 46;
	objects = {

/* Begin PBXBuildFile section */
		1A6CD8C119A84D770089F98D /* Foundation.framework in Frameworks */ = {isa = PBXBuildFile; fileRef = 1A6CD8C019A84D770089F98D /* Foundation.framework */; };
		1A6CD8C319A84D770089F98D /* CoreGraphics.framework in Frameworks */ = {isa = PBXBuildFile; fileRef = 1A6CD8C219A84D770089F98D /* CoreGraphics.framework */; };
		1A6CD8C519A84D770089F98D /* UIKit.framework in Frameworks */ = {isa = PBXBuildFile; fileRef = 1A6CD8C419A84D770089F98D /* UIKit.framework */; };
		1A6CD8CB19A84D770089F98D /* InfoPlist.strings in Resources */ = {isa = PBXBuildFile; fileRef = 1A6CD8C919A84D770089F98D /* InfoPlist.strings */; };
		1A6CD8CD19A84D770089F98D /* main.m in Sources */ = {isa = PBXBuildFile; fileRef = 1A6CD8CC19A84D770089F98D /* main.m */; };
		1A6CD8D119A84D770089F98D /* AppDelegate.m in Sources */ = {isa = PBXBuildFile; fileRef = 1A6CD8D019A84D770089F98D /* AppDelegate.m */; };
		1A6CD8D419A84D770089F98D /* Main.storyboard in Resources */ = {isa = PBXBuildFile; fileRef = 1A6CD8D219A84D770089F98D /* Main.storyboard */; };
		1A6CD8D719A84D770089F98D /* ViewController.m in Sources */ = {isa = PBXBuildFile; fileRef = 1A6CD8D619A84D770089F98D /* ViewController.m */; };
		1A6CD8D919A84D770089F98D /* Images.xcassets in Resources */ = {isa = PBXBuildFile; fileRef = 1A6CD8D819A84D770089F98D /* Images.xcassets */; };
		1A6CD8E019A84D770089F98D /* XCTest.framework in Frameworks */ = {isa = PBXBuildFile; fileRef = 1A6CD8DF19A84D770089F98D /* XCTest.framework */; };
		1A6CD8E119A84D770089F98D /* Foundation.framework in Frameworks */ = {isa = PBXBuildFile; fileRef = 1A6CD8C019A84D770089F98D /* Foundation.framework */; };
		1A6CD8E219A84D770089F98D /* UIKit.framework in Frameworks */ = {isa = PBXBuildFile; fileRef = 1A6CD8C419A84D770089F98D /* UIKit.framework */; };
		1A6CD8EA19A84D770089F98D /* InfoPlist.strings in Resources */ = {isa = PBXBuildFile; fileRef = 1A6CD8E819A84D770089F98D /* InfoPlist.strings */; };
		1A6CD8EC19A84D770089F98D /* BuyTogetherTests.m in Sources */ = {isa = PBXBuildFile; fileRef = 1A6CD8EB19A84D770089F98D /* BuyTogetherTests.m */; };
		771527E569844BBCACD56530 /* libPods.a in Frameworks */ = {isa = PBXBuildFile; fileRef = 1AF69088F4E24E3295DB3127 /* libPods.a */; };
		BC91BD4419A94CB900882508 /* FeedTableViewController.m in Sources */ = {isa = PBXBuildFile; fileRef = BC91BD4019A94CB900882508 /* FeedTableViewController.m */; };
		BC91BD4519A94CB900882508 /* FeedTableViewCell.m in Sources */ = {isa = PBXBuildFile; fileRef = BC91BD4219A94CB900882508 /* FeedTableViewCell.m */; };
		BC91BD4619A94CB900882508 /* FeedTableViewCell.xib in Resources */ = {isa = PBXBuildFile; fileRef = BC91BD4319A94CB900882508 /* FeedTableViewCell.xib */; };
		BCB262C319A952C8006088BD /* contributorOne_demo.png in Resources */ = {isa = PBXBuildFile; fileRef = BCB262BF19A952C8006088BD /* contributorOne_demo.png */; };
		BCB262C419A952C8006088BD /* contributorThree_demoProfile.png in Resources */ = {isa = PBXBuildFile; fileRef = BCB262C019A952C8006088BD /* contributorThree_demoProfile.png */; };
		BCB262C519A952C8006088BD /* contributorTwo_demoProfile.png in Resources */ = {isa = PBXBuildFile; fileRef = BCB262C119A952C8006088BD /* contributorTwo_demoProfile.png */; };
		BCB262C619A952C8006088BD /* organizer_demoProfile.png in Resources */ = {isa = PBXBuildFile; fileRef = BCB262C219A952C8006088BD /* organizer_demoProfile.png */; };
		BCB262C819A95585006088BD /* event_demoProfile.png in Resources */ = {isa = PBXBuildFile; fileRef = BCB262C719A95585006088BD /* event_demoProfile.png */; };
		BCB262CC19A959A2006088BD /* UserDetailsViewController.xib in Resources */ = {isa = PBXBuildFile; fileRef = BCB262C919A959A2006088BD /* UserDetailsViewController.xib */; };
		BCB262CD19A959A2006088BD /* UserDetailsViewController.m in Sources */ = {isa = PBXBuildFile; fileRef = BCB262CA19A959A2006088BD /* UserDetailsViewController.m */; };
		BCB262D119A966E1006088BD /* FeedDetailTableViewController.m in Sources */ = {isa = PBXBuildFile; fileRef = BCB262CF19A966E1006088BD /* FeedDetailTableViewController.m */; };
		BCB262E019A96FC1006088BD /* FeedProfileTableViewCell.m in Sources */ = {isa = PBXBuildFile; fileRef = BCB262DE19A96FC1006088BD /* FeedProfileTableViewCell.m */; };
		BCB262E119A96FC1006088BD /* FeedProfileTableViewCell.xib in Resources */ = {isa = PBXBuildFile; fileRef = BCB262DF19A96FC1006088BD /* FeedProfileTableViewCell.xib */; };
		BCB262E519A97358006088BD /* FeedDescriptionTableViewCell.m in Sources */ = {isa = PBXBuildFile; fileRef = BCB262E319A97358006088BD /* FeedDescriptionTableViewCell.m */; };
		BCB262E619A97358006088BD /* FeedDescriptionTableViewCell.xib in Resources */ = {isa = PBXBuildFile; fileRef = BCB262E419A97358006088BD /* FeedDescriptionTableViewCell.xib */; };
		BCB4D86C19A919E5004C7B0B /* FacebookSDK.framework in Frameworks */ = {isa = PBXBuildFile; fileRef = BCB4D86B19A919E5004C7B0B /* FacebookSDK.framework */; };
		BCB4D87019A91D56004C7B0B /* Bolts.framework in Frameworks */ = {isa = PBXBuildFile; fileRef = BCB4D86D19A91D56004C7B0B /* Bolts.framework */; };
		BCB4D87119A91D56004C7B0B /* Parse.framework in Frameworks */ = {isa = PBXBuildFile; fileRef = BCB4D86E19A91D56004C7B0B /* Parse.framework */; };
		BCB4D88019A924B0004C7B0B /* TableHeaderView.xib in Resources */ = {isa = PBXBuildFile; fileRef = BCB4D87619A924B0004C7B0B /* TableHeaderView.xib */; };
		BCB4D88119A924B0004C7B0B /* LoginViewController.xib in Resources */ = {isa = PBXBuildFile; fileRef = BCB4D87719A924B0004C7B0B /* LoginViewController.xib */; };
		BCB4D88219A924B0004C7B0B /* LoginViewController.m in Sources */ = {isa = PBXBuildFile; fileRef = BCB4D87819A924B0004C7B0B /* LoginViewController.m */; };
		BCB4D88319A924B0004C7B0B /* login-button-small@2x.png in Resources */ = {isa = PBXBuildFile; fileRef = BCB4D87A19A924B0004C7B0B /* login-button-small@2x.png */; };
		BCB4D88419A924B0004C7B0B /* login-button-small.png in Resources */ = {isa = PBXBuildFile; fileRef = BCB4D87B19A924B0004C7B0B /* login-button-small.png */; };
		BCB4D88519A924B0004C7B0B /* login-button-small-pressed@2x.png in Resources */ = {isa = PBXBuildFile; fileRef = BCB4D87C19A924B0004C7B0B /* login-button-small-pressed@2x.png */; };
		BCB4D88619A924B0004C7B0B /* login-button-small-pressed.png in Resources */ = {isa = PBXBuildFile; fileRef = BCB4D87D19A924B0004C7B0B /* login-button-small-pressed.png */; };
		BCB4D88819A92728004C7B0B /* FacebookSignupButton.png in Resources */ = {isa = PBXBuildFile; fileRef = BCB4D88719A92728004C7B0B /* FacebookSignupButton.png */; };
/* End PBXBuildFile section */

/* Begin PBXContainerItemProxy section */
		1A6CD8E319A84D770089F98D /* PBXContainerItemProxy */ = {
			isa = PBXContainerItemProxy;
			containerPortal = 1A6CD8B519A84D770089F98D /* Project object */;
			proxyType = 1;
			remoteGlobalIDString = 1A6CD8BC19A84D770089F98D;
			remoteInfo = BuyTogether;
		};
/* End PBXContainerItemProxy section */

/* Begin PBXFileReference section */
		1A6CD8BD19A84D770089F98D /* BuyTogether.app */ = {isa = PBXFileReference; explicitFileType = wrapper.application; includeInIndex = 0; path = BuyTogether.app; sourceTree = BUILT_PRODUCTS_DIR; };
		1A6CD8C019A84D770089F98D /* Foundation.framework */ = {isa = PBXFileReference; lastKnownFileType = wrapper.framework; name = Foundation.framework; path = System/Library/Frameworks/Foundation.framework; sourceTree = SDKROOT; };
		1A6CD8C219A84D770089F98D /* CoreGraphics.framework */ = {isa = PBXFileReference; lastKnownFileType = wrapper.framework; name = CoreGraphics.framework; path = System/Library/Frameworks/CoreGraphics.framework; sourceTree = SDKROOT; };
		1A6CD8C419A84D770089F98D /* UIKit.framework */ = {isa = PBXFileReference; lastKnownFileType = wrapper.framework; name = UIKit.framework; path = System/Library/Frameworks/UIKit.framework; sourceTree = SDKROOT; };
		1A6CD8C819A84D770089F98D /* BuyTogether-Info.plist */ = {isa = PBXFileReference; lastKnownFileType = text.plist.xml; path = "BuyTogether-Info.plist"; sourceTree = "<group>"; };
		1A6CD8CA19A84D770089F98D /* en */ = {isa = PBXFileReference; lastKnownFileType = text.plist.strings; name = en; path = en.lproj/InfoPlist.strings; sourceTree = "<group>"; };
		1A6CD8CC19A84D770089F98D /* main.m */ = {isa = PBXFileReference; lastKnownFileType = sourcecode.c.objc; path = main.m; sourceTree = "<group>"; };
		1A6CD8CE19A84D770089F98D /* BuyTogether-Prefix.pch */ = {isa = PBXFileReference; lastKnownFileType = sourcecode.c.h; path = "BuyTogether-Prefix.pch"; sourceTree = "<group>"; };
		1A6CD8CF19A84D770089F98D /* AppDelegate.h */ = {isa = PBXFileReference; lastKnownFileType = sourcecode.c.h; path = AppDelegate.h; sourceTree = "<group>"; };
		1A6CD8D019A84D770089F98D /* AppDelegate.m */ = {isa = PBXFileReference; lastKnownFileType = sourcecode.c.objc; path = AppDelegate.m; sourceTree = "<group>"; };
		1A6CD8D319A84D770089F98D /* Base */ = {isa = PBXFileReference; lastKnownFileType = file.storyboard; name = Base; path = Base.lproj/Main.storyboard; sourceTree = "<group>"; };
		1A6CD8D519A84D770089F98D /* ViewController.h */ = {isa = PBXFileReference; lastKnownFileType = sourcecode.c.h; path = ViewController.h; sourceTree = "<group>"; };
		1A6CD8D619A84D770089F98D /* ViewController.m */ = {isa = PBXFileReference; lastKnownFileType = sourcecode.c.objc; path = ViewController.m; sourceTree = "<group>"; };
		1A6CD8D819A84D770089F98D /* Images.xcassets */ = {isa = PBXFileReference; lastKnownFileType = folder.assetcatalog; path = Images.xcassets; sourceTree = "<group>"; };
		1A6CD8DE19A84D770089F98D /* BuyTogetherTests.xctest */ = {isa = PBXFileReference; explicitFileType = wrapper.cfbundle; includeInIndex = 0; path = BuyTogetherTests.xctest; sourceTree = BUILT_PRODUCTS_DIR; };
		1A6CD8DF19A84D770089F98D /* XCTest.framework */ = {isa = PBXFileReference; lastKnownFileType = wrapper.framework; name = XCTest.framework; path = Library/Frameworks/XCTest.framework; sourceTree = DEVELOPER_DIR; };
		1A6CD8E719A84D770089F98D /* BuyTogetherTests-Info.plist */ = {isa = PBXFileReference; lastKnownFileType = text.plist.xml; path = "BuyTogetherTests-Info.plist"; sourceTree = "<group>"; };
		1A6CD8E919A84D770089F98D /* en */ = {isa = PBXFileReference; lastKnownFileType = text.plist.strings; name = en; path = en.lproj/InfoPlist.strings; sourceTree = "<group>"; };
		1A6CD8EB19A84D770089F98D /* BuyTogetherTests.m */ = {isa = PBXFileReference; lastKnownFileType = sourcecode.c.objc; path = BuyTogetherTests.m; sourceTree = "<group>"; };
		1AF69088F4E24E3295DB3127 /* libPods.a */ = {isa = PBXFileReference; explicitFileType = archive.ar; includeInIndex = 0; path = libPods.a; sourceTree = BUILT_PRODUCTS_DIR; };
		BC91BD3F19A94CB900882508 /* FeedTableViewController.h */ = {isa = PBXFileReference; fileEncoding = 4; lastKnownFileType = sourcecode.c.h; path = FeedTableViewController.h; sourceTree = "<group>"; };
		BC91BD4019A94CB900882508 /* FeedTableViewController.m */ = {isa = PBXFileReference; fileEncoding = 4; lastKnownFileType = sourcecode.c.objc; path = FeedTableViewController.m; sourceTree = "<group>"; };
		BC91BD4119A94CB900882508 /* FeedTableViewCell.h */ = {isa = PBXFileReference; fileEncoding = 4; lastKnownFileType = sourcecode.c.h; path = FeedTableViewCell.h; sourceTree = "<group>"; };
		BC91BD4219A94CB900882508 /* FeedTableViewCell.m */ = {isa = PBXFileReference; fileEncoding = 4; lastKnownFileType = sourcecode.c.objc; path = FeedTableViewCell.m; sourceTree = "<group>"; };
		BC91BD4319A94CB900882508 /* FeedTableViewCell.xib */ = {isa = PBXFileReference; fileEncoding = 4; lastKnownFileType = file.xib; path = FeedTableViewCell.xib; sourceTree = "<group>"; };
		BCB262BF19A952C8006088BD /* contributorOne_demo.png */ = {isa = PBXFileReference; lastKnownFileType = image.png; path = contributorOne_demo.png; sourceTree = "<group>"; };
		BCB262C019A952C8006088BD /* contributorThree_demoProfile.png */ = {isa = PBXFileReference; lastKnownFileType = image.png; path = contributorThree_demoProfile.png; sourceTree = "<group>"; };
		BCB262C119A952C8006088BD /* contributorTwo_demoProfile.png */ = {isa = PBXFileReference; lastKnownFileType = image.png; path = contributorTwo_demoProfile.png; sourceTree = "<group>"; };
		BCB262C219A952C8006088BD /* organizer_demoProfile.png */ = {isa = PBXFileReference; lastKnownFileType = image.png; path = organizer_demoProfile.png; sourceTree = "<group>"; };
		BCB262C719A95585006088BD /* event_demoProfile.png */ = {isa = PBXFileReference; lastKnownFileType = image.png; path = event_demoProfile.png; sourceTree = "<group>"; };
		BCB262C919A959A2006088BD /* UserDetailsViewController.xib */ = {isa = PBXFileReference; fileEncoding = 4; lastKnownFileType = file.xib; path = UserDetailsViewController.xib; sourceTree = "<group>"; };
		BCB262CA19A959A2006088BD /* UserDetailsViewController.m */ = {isa = PBXFileReference; fileEncoding = 4; lastKnownFileType = sourcecode.c.objc; path = UserDetailsViewController.m; sourceTree = "<group>"; };
		BCB262CB19A959A2006088BD /* UserDetailsViewController.h */ = {isa = PBXFileReference; fileEncoding = 4; lastKnownFileType = sourcecode.c.h; path = UserDetailsViewController.h; sourceTree = "<group>"; };
		BCB262CE19A966E1006088BD /* FeedDetailTableViewController.h */ = {isa = PBXFileReference; fileEncoding = 4; lastKnownFileType = sourcecode.c.h; path = FeedDetailTableViewController.h; sourceTree = "<group>"; };
		BCB262CF19A966E1006088BD /* FeedDetailTableViewController.m */ = {isa = PBXFileReference; fileEncoding = 4; lastKnownFileType = sourcecode.c.objc; path = FeedDetailTableViewController.m; sourceTree = "<group>"; };
		BCB262DD19A96FC1006088BD /* FeedProfileTableViewCell.h */ = {isa = PBXFileReference; fileEncoding = 4; lastKnownFileType = sourcecode.c.h; path = FeedProfileTableViewCell.h; sourceTree = "<group>"; };
		BCB262DE19A96FC1006088BD /* FeedProfileTableViewCell.m */ = {isa = PBXFileReference; fileEncoding = 4; lastKnownFileType = sourcecode.c.objc; path = FeedProfileTableViewCell.m; sourceTree = "<group>"; };
		BCB262DF19A96FC1006088BD /* FeedProfileTableViewCell.xib */ = {isa = PBXFileReference; fileEncoding = 4; lastKnownFileType = file.xib; path = FeedProfileTableViewCell.xib; sourceTree = "<group>"; };
		BCB262E219A97358006088BD /* FeedDescriptionTableViewCell.h */ = {isa = PBXFileReference; fileEncoding = 4; lastKnownFileType = sourcecode.c.h; path = FeedDescriptionTableViewCell.h; sourceTree = "<group>"; };
		BCB262E319A97358006088BD /* FeedDescriptionTableViewCell.m */ = {isa = PBXFileReference; fileEncoding = 4; lastKnownFileType = sourcecode.c.objc; path = FeedDescriptionTableViewCell.m; sourceTree = "<group>"; };
		BCB262E419A97358006088BD /* FeedDescriptionTableViewCell.xib */ = {isa = PBXFileReference; fileEncoding = 4; lastKnownFileType = file.xib; path = FeedDescriptionTableViewCell.xib; sourceTree = "<group>"; };
		BCB4D86B19A919E5004C7B0B /* FacebookSDK.framework */ = {isa = PBXFileReference; lastKnownFileType = wrapper.framework; path = FacebookSDK.framework; sourceTree = "<group>"; };
		BCB4D86D19A91D56004C7B0B /* Bolts.framework */ = {isa = PBXFileReference; lastKnownFileType = wrapper.framework; path = Bolts.framework; sourceTree = "<group>"; };
		BCB4D86E19A91D56004C7B0B /* Parse.framework */ = {isa = PBXFileReference; lastKnownFileType = wrapper.framework; path = Parse.framework; sourceTree = "<group>"; };
		BCB4D87619A924B0004C7B0B /* TableHeaderView.xib */ = {isa = PBXFileReference; fileEncoding = 4; lastKnownFileType = file.xib; path = TableHeaderView.xib; sourceTree = "<group>"; };
		BCB4D87719A924B0004C7B0B /* LoginViewController.xib */ = {isa = PBXFileReference; fileEncoding = 4; lastKnownFileType = file.xib; path = LoginViewController.xib; sourceTree = "<group>"; };
		BCB4D87819A924B0004C7B0B /* LoginViewController.m */ = {isa = PBXFileReference; fileEncoding = 4; lastKnownFileType = sourcecode.c.objc; path = LoginViewController.m; sourceTree = "<group>"; };
		BCB4D87919A924B0004C7B0B /* LoginViewController.h */ = {isa = PBXFileReference; fileEncoding = 4; lastKnownFileType = sourcecode.c.h; path = LoginViewController.h; sourceTree = "<group>"; };
		BCB4D87A19A924B0004C7B0B /* login-button-small@2x.png */ = {isa = PBXFileReference; lastKnownFileType = image.png; name = "login-button-small@2x.png"; path = "../login-button-small@2x.png"; sourceTree = "<group>"; };
		BCB4D87B19A924B0004C7B0B /* login-button-small.png */ = {isa = PBXFileReference; lastKnownFileType = image.png; name = "login-button-small.png"; path = "../login-button-small.png"; sourceTree = "<group>"; };
		BCB4D87C19A924B0004C7B0B /* login-button-small-pressed@2x.png */ = {isa = PBXFileReference; lastKnownFileType = image.png; name = "login-button-small-pressed@2x.png"; path = "../login-button-small-pressed@2x.png"; sourceTree = "<group>"; };
		BCB4D87D19A924B0004C7B0B /* login-button-small-pressed.png */ = {isa = PBXFileReference; lastKnownFileType = image.png; name = "login-button-small-pressed.png"; path = "../login-button-small-pressed.png"; sourceTree = "<group>"; };
		BCB4D88719A92728004C7B0B /* FacebookSignupButton.png */ = {isa = PBXFileReference; lastKnownFileType = image.png; name = FacebookSignupButton.png; path = ../FacebookSignupButton.png; sourceTree = "<group>"; };
		E1BFB24D8B614B9BBE996684 /* Pods.xcconfig */ = {isa = PBXFileReference; includeInIndex = 1; lastKnownFileType = text.xcconfig; name = Pods.xcconfig; path = Pods/Pods.xcconfig; sourceTree = "<group>"; };
/* End PBXFileReference section */

/* Begin PBXFrameworksBuildPhase section */
		1A6CD8BA19A84D770089F98D /* Frameworks */ = {
			isa = PBXFrameworksBuildPhase;
			buildActionMask = 2147483647;
			files = (
				1A6CD8C319A84D770089F98D /* CoreGraphics.framework in Frameworks */,
				BCB4D86C19A919E5004C7B0B /* FacebookSDK.framework in Frameworks */,
				1A6CD8C519A84D770089F98D /* UIKit.framework in Frameworks */,
				BCB4D87119A91D56004C7B0B /* Parse.framework in Frameworks */,
				BCB4D87019A91D56004C7B0B /* Bolts.framework in Frameworks */,
				1A6CD8C119A84D770089F98D /* Foundation.framework in Frameworks */,
				771527E569844BBCACD56530 /* libPods.a in Frameworks */,
			);
			runOnlyForDeploymentPostprocessing = 0;
		};
		1A6CD8DB19A84D770089F98D /* Frameworks */ = {
			isa = PBXFrameworksBuildPhase;
			buildActionMask = 2147483647;
			files = (
				1A6CD8E019A84D770089F98D /* XCTest.framework in Frameworks */,
				1A6CD8E219A84D770089F98D /* UIKit.framework in Frameworks */,
				1A6CD8E119A84D770089F98D /* Foundation.framework in Frameworks */,
			);
			runOnlyForDeploymentPostprocessing = 0;
		};
/* End PBXFrameworksBuildPhase section */

/* Begin PBXGroup section */
		1A6CD8B419A84D770089F98D = {
			isa = PBXGroup;
			children = (
				1A6CD8C619A84D770089F98D /* BuyTogether */,
				1A6CD8E519A84D770089F98D /* BuyTogetherTests */,
				1A6CD8BF19A84D770089F98D /* Frameworks */,
				1A6CD8BE19A84D770089F98D /* Products */,
				E1BFB24D8B614B9BBE996684 /* Pods.xcconfig */,
			);
			sourceTree = "<group>";
		};
		1A6CD8BE19A84D770089F98D /* Products */ = {
			isa = PBXGroup;
			children = (
				1A6CD8BD19A84D770089F98D /* BuyTogether.app */,
				1A6CD8DE19A84D770089F98D /* BuyTogetherTests.xctest */,
			);
			name = Products;
			sourceTree = "<group>";
		};
		1A6CD8BF19A84D770089F98D /* Frameworks */ = {
			isa = PBXGroup;
			children = (
				BCB4D86D19A91D56004C7B0B /* Bolts.framework */,
				BCB4D86E19A91D56004C7B0B /* Parse.framework */,
				BCB4D86B19A919E5004C7B0B /* FacebookSDK.framework */,
				1A6CD8C019A84D770089F98D /* Foundation.framework */,
				1A6CD8C219A84D770089F98D /* CoreGraphics.framework */,
				1A6CD8C419A84D770089F98D /* UIKit.framework */,
				1A6CD8DF19A84D770089F98D /* XCTest.framework */,
				1AF69088F4E24E3295DB3127 /* libPods.a */,
			);
			name = Frameworks;
			sourceTree = "<group>";
		};
		1A6CD8C619A84D770089F98D /* BuyTogether */ = {
			isa = PBXGroup;
			children = (
				BCB262D419A969BE006088BD /* TableViewCell */,
				BCB262D319A9697F006088BD /* ViewControllers */,
				BCB262BE19A952C8006088BD /* Resources */,
				1A6CD8CF19A84D770089F98D /* AppDelegate.h */,
				1A6CD8D019A84D770089F98D /* AppDelegate.m */,
				1A6CD8D219A84D770089F98D /* Main.storyboard */,
				1A6CD8D819A84D770089F98D /* Images.xcassets */,
				1A6CD8C719A84D770089F98D /* Supporting Files */,
			);
			path = BuyTogether;
			sourceTree = "<group>";
		};
		1A6CD8C719A84D770089F98D /* Supporting Files */ = {
			isa = PBXGroup;
			children = (
				1A6CD8C819A84D770089F98D /* BuyTogether-Info.plist */,
				1A6CD8C919A84D770089F98D /* InfoPlist.strings */,
				1A6CD8CC19A84D770089F98D /* main.m */,
				1A6CD8CE19A84D770089F98D /* BuyTogether-Prefix.pch */,
			);
			name = "Supporting Files";
			sourceTree = "<group>";
		};
		1A6CD8E519A84D770089F98D /* BuyTogetherTests */ = {
			isa = PBXGroup;
			children = (
				1A6CD8EB19A84D770089F98D /* BuyTogetherTests.m */,
				1A6CD8E619A84D770089F98D /* Supporting Files */,
			);
			path = BuyTogetherTests;
			sourceTree = "<group>";
		};
		1A6CD8E619A84D770089F98D /* Supporting Files */ = {
			isa = PBXGroup;
			children = (
				1A6CD8E719A84D770089F98D /* BuyTogetherTests-Info.plist */,
				1A6CD8E819A84D770089F98D /* InfoPlist.strings */,
			);
			name = "Supporting Files";
			sourceTree = "<group>";
		};
		BCB262BE19A952C8006088BD /* Resources */ = {
			isa = PBXGroup;
			children = (
				BCB4D87A19A924B0004C7B0B /* login-button-small@2x.png */,
				BCB4D87B19A924B0004C7B0B /* login-button-small.png */,
				BCB4D87C19A924B0004C7B0B /* login-button-small-pressed@2x.png */,
				BCB4D87D19A924B0004C7B0B /* login-button-small-pressed.png */,
				BCB4D88719A92728004C7B0B /* FacebookSignupButton.png */,
				BCB262C719A95585006088BD /* event_demoProfile.png */,
				BCB262BF19A952C8006088BD /* contributorOne_demo.png */,
				BCB262C019A952C8006088BD /* contributorThree_demoProfile.png */,
				BCB262C119A952C8006088BD /* contributorTwo_demoProfile.png */,
				BCB262C219A952C8006088BD /* organizer_demoProfile.png */,
			);
			path = Resources;
			sourceTree = "<group>";
		};
		BCB262D319A9697F006088BD /* ViewControllers */ = {
			isa = PBXGroup;
			children = (
				BCB262C919A959A2006088BD /* UserDetailsViewController.xib */,
				BCB262CA19A959A2006088BD /* UserDetailsViewController.m */,
				BCB262CB19A959A2006088BD /* UserDetailsViewController.h */,
				BCB4D87619A924B0004C7B0B /* TableHeaderView.xib */,
				BCB4D87719A924B0004C7B0B /* LoginViewController.xib */,
				BCB4D87819A924B0004C7B0B /* LoginViewController.m */,
				BCB4D87919A924B0004C7B0B /* LoginViewController.h */,
				1A6CD8D519A84D770089F98D /* ViewController.h */,
				1A6CD8D619A84D770089F98D /* ViewController.m */,
				BC91BD3F19A94CB900882508 /* FeedTableViewController.h */,
				BC91BD4019A94CB900882508 /* FeedTableViewController.m */,
				BCB262CE19A966E1006088BD /* FeedDetailTableViewController.h */,
				BCB262CF19A966E1006088BD /* FeedDetailTableViewController.m */,
			);
			name = ViewControllers;
			sourceTree = "<group>";
		};
		BCB262D419A969BE006088BD /* TableViewCell */ = {
			isa = PBXGroup;
			children = (
				BC91BD4119A94CB900882508 /* FeedTableViewCell.h */,
				BC91BD4219A94CB900882508 /* FeedTableViewCell.m */,
				BC91BD4319A94CB900882508 /* FeedTableViewCell.xib */,
				BCB262DD19A96FC1006088BD /* FeedProfileTableViewCell.h */,
				BCB262DE19A96FC1006088BD /* FeedProfileTableViewCell.m */,
				BCB262DF19A96FC1006088BD /* FeedProfileTableViewCell.xib */,
				BCB262E219A97358006088BD /* FeedDescriptionTableViewCell.h */,
				BCB262E319A97358006088BD /* FeedDescriptionTableViewCell.m */,
				BCB262E419A97358006088BD /* FeedDescriptionTableViewCell.xib */,
			);
			name = TableViewCell;
			sourceTree = "<group>";
		};
/* End PBXGroup section */

/* Begin PBXNativeTarget section */
		1A6CD8BC19A84D770089F98D /* BuyTogether */ = {
			isa = PBXNativeTarget;
			buildConfigurationList = 1A6CD8EF19A84D770089F98D /* Build configuration list for PBXNativeTarget "BuyTogether" */;
			buildPhases = (
				569E0001C2504510B657B236 /* Check Pods Manifest.lock */,
				1A6CD8B919A84D770089F98D /* Sources */,
				1A6CD8BA19A84D770089F98D /* Frameworks */,
				1A6CD8BB19A84D770089F98D /* Resources */,
				D523091B6F5D40CD800AF59B /* Copy Pods Resources */,
			);
			buildRules = (
			);
			dependencies = (
			);
			name = BuyTogether;
			productName = BuyTogether;
			productReference = 1A6CD8BD19A84D770089F98D /* BuyTogether.app */;
			productType = "com.apple.product-type.application";
		};
		1A6CD8DD19A84D770089F98D /* BuyTogetherTests */ = {
			isa = PBXNativeTarget;
			buildConfigurationList = 1A6CD8F219A84D770089F98D /* Build configuration list for PBXNativeTarget "BuyTogetherTests" */;
			buildPhases = (
				1A6CD8DA19A84D770089F98D /* Sources */,
				1A6CD8DB19A84D770089F98D /* Frameworks */,
				1A6CD8DC19A84D770089F98D /* Resources */,
			);
			buildRules = (
			);
			dependencies = (
				1A6CD8E419A84D770089F98D /* PBXTargetDependency */,
			);
			name = BuyTogetherTests;
			productName = BuyTogetherTests;
			productReference = 1A6CD8DE19A84D770089F98D /* BuyTogetherTests.xctest */;
			productType = "com.apple.product-type.bundle.unit-test";
		};
/* End PBXNativeTarget section */

/* Begin PBXProject section */
		1A6CD8B519A84D770089F98D /* Project object */ = {
			isa = PBXProject;
			attributes = {
				LastUpgradeCheck = 0510;
				ORGANIZATIONNAME = yuebai;
				TargetAttributes = {
					1A6CD8DD19A84D770089F98D = {
						TestTargetID = 1A6CD8BC19A84D770089F98D;
					};
				};
			};
			buildConfigurationList = 1A6CD8B819A84D770089F98D /* Build configuration list for PBXProject "BuyTogether" */;
			compatibilityVersion = "Xcode 3.2";
			developmentRegion = English;
			hasScannedForEncodings = 0;
			knownRegions = (
				en,
				Base,
			);
			mainGroup = 1A6CD8B419A84D770089F98D;
			productRefGroup = 1A6CD8BE19A84D770089F98D /* Products */;
			projectDirPath = "";
			projectRoot = "";
			targets = (
				1A6CD8BC19A84D770089F98D /* BuyTogether */,
				1A6CD8DD19A84D770089F98D /* BuyTogetherTests */,
			);
		};
/* End PBXProject section */

/* Begin PBXResourcesBuildPhase section */
		1A6CD8BB19A84D770089F98D /* Resources */ = {
			isa = PBXResourcesBuildPhase;
			buildActionMask = 2147483647;
			files = (
				BCB262C619A952C8006088BD /* organizer_demoProfile.png in Resources */,
				1A6CD8D919A84D770089F98D /* Images.xcassets in Resources */,
				BCB262C419A952C8006088BD /* contributorThree_demoProfile.png in Resources */,
				BCB262C819A95585006088BD /* event_demoProfile.png in Resources */,
				BCB4D88419A924B0004C7B0B /* login-button-small.png in Resources */,
				BCB262E119A96FC1006088BD /* FeedProfileTableViewCell.xib in Resources */,
				BCB262C319A952C8006088BD /* contributorOne_demo.png in Resources */,
				1A6CD8CB19A84D770089F98D /* InfoPlist.strings in Resources */,
				BCB262CC19A959A2006088BD /* UserDetailsViewController.xib in Resources */,
				BCB4D88119A924B0004C7B0B /* LoginViewController.xib in Resources */,
				BCB4D88619A924B0004C7B0B /* login-button-small-pressed.png in Resources */,
				BCB4D88819A92728004C7B0B /* FacebookSignupButton.png in Resources */,
				BCB4D88019A924B0004C7B0B /* TableHeaderView.xib in Resources */,
				BCB262C519A952C8006088BD /* contributorTwo_demoProfile.png in Resources */,
				BC91BD4619A94CB900882508 /* FeedTableViewCell.xib in Resources */,
				BCB4D88319A924B0004C7B0B /* login-button-small@2x.png in Resources */,
				BCB4D88519A924B0004C7B0B /* login-button-small-pressed@2x.png in Resources */,
				BCB262E619A97358006088BD /* FeedDescriptionTableViewCell.xib in Resources */,
				1A6CD8D419A84D770089F98D /* Main.storyboard in Resources */,
			);
			runOnlyForDeploymentPostprocessing = 0;
		};
		1A6CD8DC19A84D770089F98D /* Resources */ = {
			isa = PBXResourcesBuildPhase;
			buildActionMask = 2147483647;
			files = (
				1A6CD8EA19A84D770089F98D /* InfoPlist.strings in Resources */,
			);
			runOnlyForDeploymentPostprocessing = 0;
		};
/* End PBXResourcesBuildPhase section */

/* Begin PBXShellScriptBuildPhase section */
		569E0001C2504510B657B236 /* Check Pods Manifest.lock */ = {
			isa = PBXShellScriptBuildPhase;
			buildActionMask = 2147483647;
			files = (
			);
			inputPaths = (
			);
			name = "Check Pods Manifest.lock";
			outputPaths = (
			);
			runOnlyForDeploymentPostprocessing = 0;
			shellPath = /bin/sh;
			shellScript = "diff \"${PODS_ROOT}/../Podfile.lock\" \"${PODS_ROOT}/Manifest.lock\" > /dev/null\nif [[ $? != 0 ]] ; then\n    cat << EOM\nerror: The sandbox is not in sync with the Podfile.lock. Run 'pod install' or update your CocoaPods installation.\nEOM\n    exit 1\nfi\n";
			showEnvVarsInLog = 0;
		};
		D523091B6F5D40CD800AF59B /* Copy Pods Resources */ = {
			isa = PBXShellScriptBuildPhase;
			buildActionMask = 2147483647;
			files = (
			);
			inputPaths = (
			);
			name = "Copy Pods Resources";
			outputPaths = (
			);
			runOnlyForDeploymentPostprocessing = 0;
			shellPath = /bin/sh;
			shellScript = "\"${SRCROOT}/Pods/Pods-resources.sh\"\n";
			showEnvVarsInLog = 0;
		};
/* End PBXShellScriptBuildPhase section */

/* Begin PBXSourcesBuildPhase section */
		1A6CD8B919A84D770089F98D /* Sources */ = {
			isa = PBXSourcesBuildPhase;
			buildActionMask = 2147483647;
			files = (
				BCB262D119A966E1006088BD /* FeedDetailTableViewController.m in Sources */,
				1A6CD8D719A84D770089F98D /* ViewController.m in Sources */,
				1A6CD8D119A84D770089F98D /* AppDelegate.m in Sources */,
				BCB262CD19A959A2006088BD /* UserDetailsViewController.m in Sources */,
				BCB262E519A97358006088BD /* FeedDescriptionTableViewCell.m in Sources */,
				BC91BD4419A94CB900882508 /* FeedTableViewController.m in Sources */,
				BCB262E019A96FC1006088BD /* FeedProfileTableViewCell.m in Sources */,
				BC91BD4519A94CB900882508 /* FeedTableViewCell.m in Sources */,
				1A6CD8CD19A84D770089F98D /* main.m in Sources */,
				BCB4D88219A924B0004C7B0B /* LoginViewController.m in Sources */,
			);
			runOnlyForDeploymentPostprocessing = 0;
		};
		1A6CD8DA19A84D770089F98D /* Sources */ = {
			isa = PBXSourcesBuildPhase;
			buildActionMask = 2147483647;
			files = (
				1A6CD8EC19A84D770089F98D /* BuyTogetherTests.m in Sources */,
			);
			runOnlyForDeploymentPostprocessing = 0;
		};
/* End PBXSourcesBuildPhase section */

/* Begin PBXTargetDependency section */
		1A6CD8E419A84D770089F98D /* PBXTargetDependency */ = {
			isa = PBXTargetDependency;
			target = 1A6CD8BC19A84D770089F98D /* BuyTogether */;
			targetProxy = 1A6CD8E319A84D770089F98D /* PBXContainerItemProxy */;
		};
/* End PBXTargetDependency section */

/* Begin PBXVariantGroup section */
		1A6CD8C919A84D770089F98D /* InfoPlist.strings */ = {
			isa = PBXVariantGroup;
			children = (
				1A6CD8CA19A84D770089F98D /* en */,
			);
			name = InfoPlist.strings;
			sourceTree = "<group>";
		};
		1A6CD8D219A84D770089F98D /* Main.storyboard */ = {
			isa = PBXVariantGroup;
			children = (
				1A6CD8D319A84D770089F98D /* Base */,
			);
			name = Main.storyboard;
			sourceTree = "<group>";
		};
		1A6CD8E819A84D770089F98D /* InfoPlist.strings */ = {
			isa = PBXVariantGroup;
			children = (
				1A6CD8E919A84D770089F98D /* en */,
			);
			name = InfoPlist.strings;
			sourceTree = "<group>";
		};
/* End PBXVariantGroup section */

/* Begin XCBuildConfiguration section */
		1A6CD8ED19A84D770089F98D /* Debug */ = {
			isa = XCBuildConfiguration;
			buildSettings = {
				ALWAYS_SEARCH_USER_PATHS = NO;
				CLANG_CXX_LANGUAGE_STANDARD = "gnu++0x";
				CLANG_CXX_LIBRARY = "libc++";
				CLANG_ENABLE_MODULES = YES;
				CLANG_ENABLE_OBJC_ARC = YES;
				CLANG_WARN_BOOL_CONVERSION = YES;
				CLANG_WARN_CONSTANT_CONVERSION = YES;
				CLANG_WARN_DIRECT_OBJC_ISA_USAGE = YES_ERROR;
				CLANG_WARN_EMPTY_BODY = YES;
				CLANG_WARN_ENUM_CONVERSION = YES;
				CLANG_WARN_INT_CONVERSION = YES;
				CLANG_WARN_OBJC_ROOT_CLASS = YES_ERROR;
				CLANG_WARN__DUPLICATE_METHOD_MATCH = YES;
				"CODE_SIGN_IDENTITY[sdk=iphoneos*]" = "iPhone Developer";
				COPY_PHASE_STRIP = NO;
				GCC_C_LANGUAGE_STANDARD = gnu99;
				GCC_DYNAMIC_NO_PIC = NO;
				GCC_OPTIMIZATION_LEVEL = 0;
				GCC_PREPROCESSOR_DEFINITIONS = (
					"DEBUG=1",
					"$(inherited)",
				);
				GCC_SYMBOLS_PRIVATE_EXTERN = NO;
				GCC_WARN_64_TO_32_BIT_CONVERSION = YES;
				GCC_WARN_ABOUT_RETURN_TYPE = YES_ERROR;
				GCC_WARN_UNDECLARED_SELECTOR = YES;
				GCC_WARN_UNINITIALIZED_AUTOS = YES_AGGRESSIVE;
				GCC_WARN_UNUSED_FUNCTION = YES;
				GCC_WARN_UNUSED_VARIABLE = YES;
				IPHONEOS_DEPLOYMENT_TARGET = 7.1;
				ONLY_ACTIVE_ARCH = YES;
				SDKROOT = iphoneos;
			};
			name = Debug;
		};
		1A6CD8EE19A84D770089F98D /* Release */ = {
			isa = XCBuildConfiguration;
			buildSettings = {
				ALWAYS_SEARCH_USER_PATHS = NO;
				CLANG_CXX_LANGUAGE_STANDARD = "gnu++0x";
				CLANG_CXX_LIBRARY = "libc++";
				CLANG_ENABLE_MODULES = YES;
				CLANG_ENABLE_OBJC_ARC = YES;
				CLANG_WARN_BOOL_CONVERSION = YES;
				CLANG_WARN_CONSTANT_CONVERSION = YES;
				CLANG_WARN_DIRECT_OBJC_ISA_USAGE = YES_ERROR;
				CLANG_WARN_EMPTY_BODY = YES;
				CLANG_WARN_ENUM_CONVERSION = YES;
				CLANG_WARN_INT_CONVERSION = YES;
				CLANG_WARN_OBJC_ROOT_CLASS = YES_ERROR;
				CLANG_WARN__DUPLICATE_METHOD_MATCH = YES;
				"CODE_SIGN_IDENTITY[sdk=iphoneos*]" = "iPhone Developer";
				COPY_PHASE_STRIP = YES;
				ENABLE_NS_ASSERTIONS = NO;
				GCC_C_LANGUAGE_STANDARD = gnu99;
				GCC_WARN_64_TO_32_BIT_CONVERSION = YES;
				GCC_WARN_ABOUT_RETURN_TYPE = YES_ERROR;
				GCC_WARN_UNDECLARED_SELECTOR = YES;
				GCC_WARN_UNINITIALIZED_AUTOS = YES_AGGRESSIVE;
				GCC_WARN_UNUSED_FUNCTION = YES;
				GCC_WARN_UNUSED_VARIABLE = YES;
				IPHONEOS_DEPLOYMENT_TARGET = 7.1;
				SDKROOT = iphoneos;
				VALIDATE_PRODUCT = YES;
			};
			name = Release;
		};
		1A6CD8F019A84D770089F98D /* Debug */ = {
			isa = XCBuildConfiguration;
			baseConfigurationReference = E1BFB24D8B614B9BBE996684 /* Pods.xcconfig */;
			buildSettings = {
				ASSETCATALOG_COMPILER_APPICON_NAME = AppIcon;
				ASSETCATALOG_COMPILER_LAUNCHIMAGE_NAME = LaunchImage;
				FRAMEWORK_SEARCH_PATHS = (
					"$(inherited)",
					"$(PROJECT_DIR)",
				);
				GCC_PRECOMPILE_PREFIX_HEADER = YES;
				GCC_PREFIX_HEADER = "BuyTogether/BuyTogether-Prefix.pch";
				INFOPLIST_FILE = "BuyTogether/BuyTogether-Info.plist";
				PRODUCT_NAME = "$(TARGET_NAME)";
				WRAPPER_EXTENSION = app;
			};
			name = Debug;
		};
		1A6CD8F119A84D770089F98D /* Release */ = {
			isa = XCBuildConfiguration;
			baseConfigurationReference = E1BFB24D8B614B9BBE996684 /* Pods.xcconfig */;
			buildSettings = {
				ASSETCATALOG_COMPILER_APPICON_NAME = AppIcon;
				ASSETCATALOG_COMPILER_LAUNCHIMAGE_NAME = LaunchImage;
				FRAMEWORK_SEARCH_PATHS = (
					"$(inherited)",
					"$(PROJECT_DIR)",
				);
				GCC_PRECOMPILE_PREFIX_HEADER = YES;
				GCC_PREFIX_HEADER = "BuyTogether/BuyTogether-Prefix.pch";
				INFOPLIST_FILE = "BuyTogether/BuyTogether-Info.plist";
				PRODUCT_NAME = "$(TARGET_NAME)";
				WRAPPER_EXTENSION = app;
			};
			name = Release;
		};
		1A6CD8F319A84D770089F98D /* Debug */ = {
			isa = XCBuildConfiguration;
			buildSettings = {
				BUNDLE_LOADER = "$(BUILT_PRODUCTS_DIR)/BuyTogether.app/BuyTogether";
				FRAMEWORK_SEARCH_PATHS = (
					"$(SDKROOT)/Developer/Library/Frameworks",
					"$(inherited)",
					"$(DEVELOPER_FRAMEWORKS_DIR)",
				);
				GCC_PRECOMPILE_PREFIX_HEADER = YES;
				GCC_PREFIX_HEADER = "BuyTogether/BuyTogether-Prefix.pch";
				GCC_PREPROCESSOR_DEFINITIONS = (
					"DEBUG=1",
					"$(inherited)",
				);
				INFOPLIST_FILE = "BuyTogetherTests/BuyTogetherTests-Info.plist";
				PRODUCT_NAME = "$(TARGET_NAME)";
				TEST_HOST = "$(BUNDLE_LOADER)";
				WRAPPER_EXTENSION = xctest;
			};
			name = Debug;
		};
		1A6CD8F419A84D770089F98D /* Release */ = {
			isa = XCBuildConfiguration;
			buildSettings = {
				BUNDLE_LOADER = "$(BUILT_PRODUCTS_DIR)/BuyTogether.app/BuyTogether";
				FRAMEWORK_SEARCH_PATHS = (
					"$(SDKROOT)/Developer/Library/Frameworks",
					"$(inherited)",
					"$(DEVELOPER_FRAMEWORKS_DIR)",
				);
				GCC_PRECOMPILE_PREFIX_HEADER = YES;
				GCC_PREFIX_HEADER = "BuyTogether/BuyTogether-Prefix.pch";
				INFOPLIST_FILE = "BuyTogetherTests/BuyTogetherTests-Info.plist";
				PRODUCT_NAME = "$(TARGET_NAME)";
				TEST_HOST = "$(BUNDLE_LOADER)";
				WRAPPER_EXTENSION = xctest;
			};
			name = Release;
		};
/* End XCBuildConfiguration section */

/* Begin XCConfigurationList section */
		1A6CD8B819A84D770089F98D /* Build configuration list for PBXProject "BuyTogether" */ = {
			isa = XCConfigurationList;
			buildConfigurations = (
				1A6CD8ED19A84D770089F98D /* Debug */,
				1A6CD8EE19A84D770089F98D /* Release */,
			);
			defaultConfigurationIsVisible = 0;
			defaultConfigurationName = Release;
		};
		1A6CD8EF19A84D770089F98D /* Build configuration list for PBXNativeTarget "BuyTogether" */ = {
			isa = XCConfigurationList;
			buildConfigurations = (
				1A6CD8F019A84D770089F98D /* Debug */,
				1A6CD8F119A84D770089F98D /* Release */,
			);
			defaultConfigurationIsVisible = 0;
			defaultConfigurationName = Release;
		};
		1A6CD8F219A84D770089F98D /* Build configuration list for PBXNativeTarget "BuyTogetherTests" */ = {
			isa = XCConfigurationList;
			buildConfigurations = (
				1A6CD8F319A84D770089F98D /* Debug */,
				1A6CD8F419A84D770089F98D /* Release */,
			);
			defaultConfigurationIsVisible = 0;
			defaultConfigurationName = Release;
		};
/* End XCConfigurationList section */
	};
	rootObject = 1A6CD8B519A84D770089F98D /* Project object */;
}
